
Microsoft Visual Studio Solution File, Format Version 12.00
# Visual Studio Version 16
VisualStudioVersion = 16.0.32228.343
MinimumVisualStudioVersion = 10.0.40219.1
Project("{FAE04EC0-301F-11D3-BF4B-00C04F79EFBC}") = "Control_PWM_Motor.Android", "Control_PWM_Motor\Control_PWM_Motor.Android\Control_PWM_Motor.Android.csproj", "{B86114CA-9C6C-4448-82D5-2E2E8285B4EB}"
EndProject
Project("{FAE04EC0-301F-11D3-BF4B-00C04F79EFBC}") = "Control_PWM_Motor", "Control_PWM_Motor\Control_PWM_Motor\Control_PWM_Motor.csproj", "{F1379711-6E27-4F74-A8E3-8A54E4910CD4}"
EndProject
Global
	GlobalSection(SolutionConfigurationPlatforms) = preSolution
		Debug|Any CPU = Debug|Any CPU
		Release|Any CPU = Release|Any CPU
	EndGlobalSection
	GlobalSection(ProjectConfigurationPlatforms) = postSolution
		{B86114CA-9C6C-4448-82D5-2E2E8285B4EB}.Debug|Any CPU.ActiveCfg = Debug|Any CPU
		{B86114CA-9C6C-4448-82D5-2E2E8285B4EB}.Debug|Any CPU.Build.0 = Debug|Any CPU
		{B86114CA-9C6C-4448-82D5-2E2E8285B4EB}.Debug|Any CPU.Deploy.0 = Debug|Any CPU
		{B86114CA-9C6C-4448-82D5-2E2E8285B4EB}.Release|Any CPU.ActiveCfg = Release|Any CPU
		{B86114CA-9C6C-4448-82D5-2E2E8285B4EB}.Release|Any CPU.Build.0 = Release|Any CPU
		{B86114CA-9C6C-4448-82D5-2E2E8285B4EB}.Release|Any CPU.Deploy.0 = Release|Any CPU
		{F1379711-6E27-4F74-A8E3-8A54E4910CD4}.Debug|Any CPU.ActiveCfg = Debug|Any CPU
		{F1379711-6E27-4F74-A8E3-8A54E4910CD4}.Debug|Any CPU.Build.0 = Debug|Any CPU
		{F1379711-6E27-4F74-A8E3-8A54E4910CD4}.Debug|Any CPU.Deploy.0 = Debug|Any CPU
		{F1379711-6E27-4F74-A8E3-8A54E4910CD4}.Release|Any CPU.ActiveCfg = Release|Any CPU
		{F1379711-6E27-4F74-A8E3-8A54E4910CD4}.Release|Any CPU.Build.0 = Release|Any CPU
		{F1379711-6E27-4F74-A8E3-8A54E4910CD4}.Release|Any CPU.Deploy.0 = Release|Any CPU
	EndGlobalSection
	GlobalSection(SolutionProperties) = preSolution
		HideSolutionNode = FALSE
	EndGlobalSection
	GlobalSection(ExtensibilityGlobals) = postSolution
		SolutionGuid = {F27FC9FE-9DD6-4FED-9D8F-614B73B5E183}
	EndGlobalSection
EndGlobal
